# THIS IS AN AUTOGENERATED FILE. DO NOT EDIT THIS FILE DIRECTLY.
# yarn lockfile v1


"@fortawesome/fontawesome-free@6.6.0":
  version "6.6.0"
  resolved "https://registry.yarnpkg.com/@fortawesome/fontawesome-free/-/fontawesome-free-6.6.0.tgz#0e984f0f2344ee513c185d87d77defac4c0c8224"
  integrity sha512-60G28ke/sXdtS9KZCpZSHHkCbdsOGEhIUGlwq6yhY74UpTiToIh8np7A8yphhM4BWsvNFtIvLpi4co+h9Mr9Ow==

"@patternfly/patternfly@5.3.1":
  version "5.3.1"
  resolved "https://registry.yarnpkg.com/@patternfly/patternfly/-/patternfly-5.3.1.tgz#3bc80386482ee86291a34fbc72b651ab9f40d752"
  integrity sha512-KYIr9pKRTzHZNGuDuaa5j5CaZyLltvotPFGG1BiJalBDBGSOyk0BZCgHLowm4txKZXrLhorEuuv9XLrMQL8eoA==
